
Microsoft Visual Studio Solution File, Format Version 12.00
# Visual Studio Version 17
VisualStudioVersion = 17.14.36915.13 d17.14
MinimumVisualStudioVersion = 10.0.40219.1
Project("{6989167D-11E4-40FE-8C1A-2192A86A7E90}") = "OpenSHAFT", "OpenSHAFT.vfproj", "{4872765F-6B58-5017-6A10-E29B68D11909}"
EndProject
Global
	GlobalSection(SolutionConfigurationPlatforms) = preSolution
		Debug|x64 = Debug|x64
		Debug|x86 = Debug|x86
		Release|x64 = Release|x64
		Release|x86 = Release|x86
	EndGlobalSection
	GlobalSection(ProjectConfigurationPlatforms) = postSolution
		{4872765F-6B58-5017-6A10-E29B68D11909}.Debug|x64.ActiveCfg = Debug|x64
		{4872765F-6B58-5017-6A10-E29B68D11909}.Debug|x64.Build.0 = Debug|x64
		{4872765F-6B58-5017-6A10-E29B68D11909}.Debug|x86.ActiveCfg = Debug|Win32
		{4872765F-6B58-5017-6A10-E29B68D11909}.Debug|x86.Build.0 = Debug|Win32
		{4872765F-6B58-5017-6A10-E29B68D11909}.Release|x64.ActiveCfg = Release|x64
		{4872765F-6B58-5017-6A10-E29B68D11909}.Release|x64.Build.0 = Release|x64
		{4872765F-6B58-5017-6A10-E29B68D11909}.Release|x86.ActiveCfg = Release|Win32
		{4872765F-6B58-5017-6A10-E29B68D11909}.Release|x86.Build.0 = Release|Win32
	EndGlobalSection
	GlobalSection(SolutionProperties) = preSolution
		HideSolutionNode = FALSE
	EndGlobalSection
	GlobalSection(ExtensibilityGlobals) = postSolution
		SolutionGuid = {8E5E6DD9-846B-437A-B353-304D977DB4DA}
	EndGlobalSection
EndGlobal
